
Microsoft Visual Studio Solution File, Format Version 12.00
# Visual Studio 15
VisualStudioVersion = 15.0.27703.2047
MinimumVisualStudioVersion = 10.0.40219.1
Project("{FAE04EC0-301F-11D3-BF4B-00C04F79EFBC}") = "FileSystemVisitor", "FileSystemVisitor\FileSystemVisitor.csproj", "{C5852137-C601-422D-9D0C-78376BF31BD4}"
EndProject
Global
	GlobalSection(SolutionConfigurationPlatforms) = preSolution
		Debug|Any CPU = Debug|Any CPU
		Release|Any CPU = Release|Any CPU
	EndGlobalSection
	GlobalSection(ProjectConfigurationPlatforms) = postSolution
		{C5852137-C601-422D-9D0C-78376BF31BD4}.Debug|Any CPU.ActiveCfg = Debug|Any CPU
		{C5852137-C601-422D-9D0C-78376BF31BD4}.Debug|Any CPU.Build.0 = Debug|Any CPU
		{C5852137-C601-422D-9D0C-78376BF31BD4}.Release|Any CPU.ActiveCfg = Release|Any CPU
		{C5852137-C601-422D-9D0C-78376BF31BD4}.Release|Any CPU.Build.0 = Release|Any CPU
	EndGlobalSection
	GlobalSection(SolutionProperties) = preSolution
		HideSolutionNode = FALSE
	EndGlobalSection
	GlobalSection(ExtensibilityGlobals) = postSolution
		SolutionGuid = {9211E848-EF64-48C7-BFB3-58137BBB1C4F}
	EndGlobalSection
EndGlobal
