
Microsoft Visual Studio Solution File, Format Version 12.00
# Visual Studio 15
VisualStudioVersion = 15.0.28010.2041
MinimumVisualStudioVersion = 10.0.40219.1
Project("{9A19103F-16F7-4668-BE54-9A1E7A4F7556}") = "CoreConsApp", ".NET Core_Console App\ConsoleApp1\CoreConsApp.csproj", "{2AF1D4E1-51C1-46BB-8B55-E60B76B380C0}"
EndProject
Global
	GlobalSection(SolutionConfigurationPlatforms) = preSolution
		Debug|Any CPU = Debug|Any CPU
		Release|Any CPU = Release|Any CPU
	EndGlobalSection
	GlobalSection(ProjectConfigurationPlatforms) = postSolution
		{2AF1D4E1-51C1-46BB-8B55-E60B76B380C0}.Debug|Any CPU.ActiveCfg = Debug|Any CPU
		{2AF1D4E1-51C1-46BB-8B55-E60B76B380C0}.Debug|Any CPU.Build.0 = Debug|Any CPU
		{2AF1D4E1-51C1-46BB-8B55-E60B76B380C0}.Release|Any CPU.ActiveCfg = Release|Any CPU
		{2AF1D4E1-51C1-46BB-8B55-E60B76B380C0}.Release|Any CPU.Build.0 = Release|Any CPU
	EndGlobalSection
	GlobalSection(SolutionProperties) = preSolution
		HideSolutionNode = FALSE
	EndGlobalSection
	GlobalSection(ExtensibilityGlobals) = postSolution
		SolutionGuid = {530EAFDB-1F0B-4E2A-AADF-3115012F895E}
	EndGlobalSection
EndGlobal
