
Microsoft Visual Studio Solution File, Format Version 12.00
# Visual Studio 15
VisualStudioVersion = 15.0.28010.2046
MinimumVisualStudioVersion = 10.0.40219.1
Project("{FAE04EC0-301F-11D3-BF4B-00C04F79EFBC}") = "Str_to_Int", "Str_to_Int\Str_to_Int.csproj", "{33DE6D26-8199-4B56-AFF2-E898C9BDF005}"
EndProject
Global
	GlobalSection(SolutionConfigurationPlatforms) = preSolution
		Debug|Any CPU = Debug|Any CPU
		Release|Any CPU = Release|Any CPU
	EndGlobalSection
	GlobalSection(ProjectConfigurationPlatforms) = postSolution
		{33DE6D26-8199-4B56-AFF2-E898C9BDF005}.Debug|Any CPU.ActiveCfg = Debug|Any CPU
		{33DE6D26-8199-4B56-AFF2-E898C9BDF005}.Debug|Any CPU.Build.0 = Debug|Any CPU
		{33DE6D26-8199-4B56-AFF2-E898C9BDF005}.Release|Any CPU.ActiveCfg = Release|Any CPU
		{33DE6D26-8199-4B56-AFF2-E898C9BDF005}.Release|Any CPU.Build.0 = Release|Any CPU
	EndGlobalSection
	GlobalSection(SolutionProperties) = preSolution
		HideSolutionNode = FALSE
	EndGlobalSection
	GlobalSection(ExtensibilityGlobals) = postSolution
		SolutionGuid = {4951FC76-DEF6-460B-BD74-74A0D941F606}
	EndGlobalSection
EndGlobal
